
Microsoft Visual Studio Solution File, Format Version 12.00
# Visual Studio Version 16
VisualStudioVersion = 16.0.30204.135
MinimumVisualStudioVersion = 10.0.40219.1
Project("{8BC9CEB8-8B4A-11D0-8D11-00A0C91BC942}") = "ex-1", "ex-1\ex-1.vcxproj", "{95414212-FAB7-4ABA-89AD-76DEB87F810F}"
EndProject
Global
	GlobalSection(SolutionConfigurationPlatforms) = preSolution
		Debug|x64 = Debug|x64
		Debug|x86 = Debug|x86
		Release|x64 = Release|x64
		Release|x86 = Release|x86
	EndGlobalSection
	GlobalSection(ProjectConfigurationPlatforms) = postSolution
		{95414212-FAB7-4ABA-89AD-76DEB87F810F}.Debug|x64.ActiveCfg = Debug|x64
		{95414212-FAB7-4ABA-89AD-76DEB87F810F}.Debug|x64.Build.0 = Debug|x64
		{95414212-FAB7-4ABA-89AD-76DEB87F810F}.Debug|x86.ActiveCfg = Debug|Win32
		{95414212-FAB7-4ABA-89AD-76DEB87F810F}.Debug|x86.Build.0 = Debug|Win32
		{95414212-FAB7-4ABA-89AD-76DEB87F810F}.Release|x64.ActiveCfg = Release|x64
		{95414212-FAB7-4ABA-89AD-76DEB87F810F}.Release|x64.Build.0 = Release|x64
		{95414212-FAB7-4ABA-89AD-76DEB87F810F}.Release|x86.ActiveCfg = Release|Win32
		{95414212-FAB7-4ABA-89AD-76DEB87F810F}.Release|x86.Build.0 = Release|Win32
	EndGlobalSection
	GlobalSection(SolutionProperties) = preSolution
		HideSolutionNode = FALSE
	EndGlobalSection
	GlobalSection(ExtensibilityGlobals) = postSolution
		SolutionGuid = {7C9F3B2A-E361-4A0A-A292-3027D54F3E08}
	EndGlobalSection
EndGlobal
