
Microsoft Visual Studio Solution File, Format Version 12.00
# Visual Studio Version 16
VisualStudioVersion = 16.0.30204.135
MinimumVisualStudioVersion = 10.0.40219.1
Project("{8BC9CEB8-8B4A-11D0-8D11-00A0C91BC942}") = "ex-4", "ex-4\ex-4.vcxproj", "{D02E5979-6143-45A6-8C67-206F84CAA53F}"
EndProject
Global
	GlobalSection(SolutionConfigurationPlatforms) = preSolution
		Debug|x64 = Debug|x64
		Debug|x86 = Debug|x86
		Release|x64 = Release|x64
		Release|x86 = Release|x86
	EndGlobalSection
	GlobalSection(ProjectConfigurationPlatforms) = postSolution
		{D02E5979-6143-45A6-8C67-206F84CAA53F}.Debug|x64.ActiveCfg = Debug|x64
		{D02E5979-6143-45A6-8C67-206F84CAA53F}.Debug|x64.Build.0 = Debug|x64
		{D02E5979-6143-45A6-8C67-206F84CAA53F}.Debug|x86.ActiveCfg = Debug|Win32
		{D02E5979-6143-45A6-8C67-206F84CAA53F}.Debug|x86.Build.0 = Debug|Win32
		{D02E5979-6143-45A6-8C67-206F84CAA53F}.Release|x64.ActiveCfg = Release|x64
		{D02E5979-6143-45A6-8C67-206F84CAA53F}.Release|x64.Build.0 = Release|x64
		{D02E5979-6143-45A6-8C67-206F84CAA53F}.Release|x86.ActiveCfg = Release|Win32
		{D02E5979-6143-45A6-8C67-206F84CAA53F}.Release|x86.Build.0 = Release|Win32
	EndGlobalSection
	GlobalSection(SolutionProperties) = preSolution
		HideSolutionNode = FALSE
	EndGlobalSection
	GlobalSection(ExtensibilityGlobals) = postSolution
		SolutionGuid = {7C94A6A2-CBE9-4E18-A0F6-DCAD827E3FDD}
	EndGlobalSection
EndGlobal
